{
  "name": "bitb-pr",
  "version": "1.0.0",
  "lockfileVersion": 1,
  "dependencies": {
    "git-branch": {
      "version": "1.0.0",
      "resolved": "https://registry.npmjs.org/git-branch/-/git-branch-1.0.0.tgz",
      "integrity": "sha512-ZTzuqw5Df8fyLXQWrX6hK+4FpNCdKzMcERlxENEGO5aKcLmG7MAszhrMhluUKNKmOS/JAGijDMQDXDCDw1mE/A=="
    }
  }
}
